
Microsoft Visual Studio Solution File, Format Version 12.00
# Visual Studio Version 16
VisualStudioVersion = 16.0.31729.503
MinimumVisualStudioVersion = 10.0.40219.1
Project("{9A19103F-16F7-4668-BE54-9A1E7A4F7556}") = "Computer Programming Tasks", "Computer Programming Tasks.csproj", "{C72A2DB4-9A08-4FB1-90E7-E0D4DBFE2EB9}"
EndProject
Global
	GlobalSection(SolutionConfigurationPlatforms) = preSolution
		Debug|Any CPU = Debug|Any CPU
		Release|Any CPU = Release|Any CPU
	EndGlobalSection
	GlobalSection(ProjectConfigurationPlatforms) = postSolution
		{C72A2DB4-9A08-4FB1-90E7-E0D4DBFE2EB9}.Debug|Any CPU.ActiveCfg = Debug|Any CPU
		{C72A2DB4-9A08-4FB1-90E7-E0D4DBFE2EB9}.Debug|Any CPU.Build.0 = Debug|Any CPU
		{C72A2DB4-9A08-4FB1-90E7-E0D4DBFE2EB9}.Release|Any CPU.ActiveCfg = Release|Any CPU
		{C72A2DB4-9A08-4FB1-90E7-E0D4DBFE2EB9}.Release|Any CPU.Build.0 = Release|Any CPU
	EndGlobalSection
	GlobalSection(SolutionProperties) = preSolution
		HideSolutionNode = FALSE
	EndGlobalSection
	GlobalSection(ExtensibilityGlobals) = postSolution
		SolutionGuid = {0E488030-9EDB-4CFE-A811-70C68F1DA52A}
	EndGlobalSection
EndGlobal
